
Microsoft Visual Studio Solution File, Format Version 12.00
# Visual Studio 15
VisualStudioVersion = 15.0.27130.2036
MinimumVisualStudioVersion = 10.0.40219.1
Project("{FAE04EC0-301F-11D3-BF4B-00C04F79EFBC}") = "Restro", "Restro\Restro.csproj", "{7D885F2D-C82E-4549-9C8D-17B741F88B8E}"
EndProject
Project("{FAE04EC0-301F-11D3-BF4B-00C04F79EFBC}") = "Restro.Tests", "Restro.Tests\Restro.Tests.csproj", "{FA8E6C3F-ADE1-482C-9F3C-2D7D02EB0254}"
EndProject
Global
	GlobalSection(SolutionConfigurationPlatforms) = preSolution
		Debug|Any CPU = Debug|Any CPU
		Release|Any CPU = Release|Any CPU
	EndGlobalSection
	GlobalSection(ProjectConfigurationPlatforms) = postSolution
		{7D885F2D-C82E-4549-9C8D-17B741F88B8E}.Debug|Any CPU.ActiveCfg = Debug|Any CPU
		{7D885F2D-C82E-4549-9C8D-17B741F88B8E}.Debug|Any CPU.Build.0 = Debug|Any CPU
		{7D885F2D-C82E-4549-9C8D-17B741F88B8E}.Release|Any CPU.ActiveCfg = Release|Any CPU
		{7D885F2D-C82E-4549-9C8D-17B741F88B8E}.Release|Any CPU.Build.0 = Release|Any CPU
		{FA8E6C3F-ADE1-482C-9F3C-2D7D02EB0254}.Debug|Any CPU.ActiveCfg = Debug|Any CPU
		{FA8E6C3F-ADE1-482C-9F3C-2D7D02EB0254}.Debug|Any CPU.Build.0 = Debug|Any CPU
		{FA8E6C3F-ADE1-482C-9F3C-2D7D02EB0254}.Release|Any CPU.ActiveCfg = Release|Any CPU
		{FA8E6C3F-ADE1-482C-9F3C-2D7D02EB0254}.Release|Any CPU.Build.0 = Release|Any CPU
	EndGlobalSection
	GlobalSection(SolutionProperties) = preSolution
		HideSolutionNode = FALSE
	EndGlobalSection
	GlobalSection(ExtensibilityGlobals) = postSolution
		SolutionGuid = {0D087261-2D6F-43BE-BA44-8336CBAB98F6}
	EndGlobalSection
EndGlobal
